Microsoft Visual Studio Solution File, Format Version 9.00
# Visual Studio 2005
Project("{8BC9CEB8-8B4A-11D0-8D11-00A0C91BC942}") = "Morph", "SkeletonMaker\SkeletonMaker.vcproj", "{817660CF-4E6C-48F6-BF18-FB75FC2B6B5E}"
EndProject
Project("{8BC9CEB8-8B4A-11D0-8D11-00A0C91BC942}") = "GraphMatch", "GraphMatch\GraphMatch.vcproj", "{E98C9677-C8CA-4CC3-8AE7-A06140EA49BB}"
	ProjectSection(ProjectDependencies) = postProject
		{817660CF-4E6C-48F6-BF18-FB75FC2B6B5E} = {817660CF-4E6C-48F6-BF18-FB75FC2B6B5E}
	EndProjectSection
EndProject
Global
	GlobalSection(SolutionConfigurationPlatforms) = preSolution
		Debug|Win32 = Debug|Win32
		Release|Win32 = Release|Win32
	EndGlobalSection
	GlobalSection(ProjectConfigurationPlatforms) = postSolution
		{817660CF-4E6C-48F6-BF18-FB75FC2B6B5E}.Debug|Win32.ActiveCfg = Debug|Win32
		{817660CF-4E6C-48F6-BF18-FB75FC2B6B5E}.Debug|Win32.Build.0 = Debug|Win32
		{817660CF-4E6C-48F6-BF18-FB75FC2B6B5E}.Release|Win32.ActiveCfg = Release|Win32
		{817660CF-4E6C-48F6-BF18-FB75FC2B6B5E}.Release|Win32.Build.0 = Release|Win32
		{E98C9677-C8CA-4CC3-8AE7-A06140EA49BB}.Debug|Win32.ActiveCfg = Debug|Win32
		{E98C9677-C8CA-4CC3-8AE7-A06140EA49BB}.Debug|Win32.Build.0 = Debug|Win32
		{E98C9677-C8CA-4CC3-8AE7-A06140EA49BB}.Release|Win32.ActiveCfg = Release|Win32
		{E98C9677-C8CA-4CC3-8AE7-A06140EA49BB}.Release|Win32.Build.0 = Release|Win32
	EndGlobalSection
	GlobalSection(SolutionProperties) = preSolution
		HideSolutionNode = FALSE
	EndGlobalSection
EndGlobal
