Microsoft Visual Studio Solution File, Format Version 9.00
# Visual Studio 2005
Project("{8BC9CEB8-8B4A-11D0-8D11-00A0C91BC942}") = "SkeletonMaker", "SkeletonMaker\SkeletonMaker.vcproj", "{817660CF-4E6C-48F6-BF18-FB75FC2B6B5E}"
EndProject
Project("{8BC9CEB8-8B4A-11D0-8D11-00A0C91BC942}") = "GraphMatch", "GraphMatch\GraphMatch.vcproj", "{E98C9677-C8CA-4CC3-8AE7-A06140EA49BB}"
	ProjectSection(ProjectDependencies) = postProject
		{817660CF-4E6C-48F6-BF18-FB75FC2B6B5E} = {817660CF-4E6C-48F6-BF18-FB75FC2B6B5E}
		{EC8F7758-80CF-436B-978B-717297945FAB} = {EC8F7758-80CF-436B-978B-717297945FAB}
	EndProjectSection
EndProject
Project("{FAE04EC0-301F-11D3-BF4B-00C04F79EFBC}") = "SkeletonVisualizer", "SkeletonVisualizer\SkeletonVisualizer.csproj", "{E6AC7995-0C10-4D59-9F75-45E3795D51C9}"
	ProjectSection(ProjectDependencies) = postProject
		{E98C9677-C8CA-4CC3-8AE7-A06140EA49BB} = {E98C9677-C8CA-4CC3-8AE7-A06140EA49BB}
	EndProjectSection
EndProject
Project("{8BC9CEB8-8B4A-11D0-8D11-00A0C91BC942}") = "GraySkeletonCPP", "GraySkeletonCPP\GraySkeletonCPP.vcproj", "{E3B1B536-8C7A-45E8-9BAA-5FE4F7B9FE13}"
	ProjectSection(ProjectDependencies) = postProject
		{817660CF-4E6C-48F6-BF18-FB75FC2B6B5E} = {817660CF-4E6C-48F6-BF18-FB75FC2B6B5E}
	EndProjectSection
EndProject
Project("{8BC9CEB8-8B4A-11D0-8D11-00A0C91BC942}") = "ProteinMorph", "ProteinMorph\ProteinMorph.vcproj", "{9868724F-D44A-4315-A809-C3F5ECA9110E}"
EndProject
Project("{8BC9CEB8-8B4A-11D0-8D11-00A0C91BC942}") = "Foundation", "Foundation\Foundation.vcproj", "{5B1E0736-9D9C-43BF-A60D-210292DCB7FC}"
EndProject
Project("{8BC9CEB8-8B4A-11D0-8D11-00A0C91BC942}") = "MathTools", "MathTools\MathTools.vcproj", "{EC8F7758-80CF-436B-978B-717297945FAB}"
EndProject
Project("{8BC9CEB8-8B4A-11D0-8D11-00A0C91BC942}") = "Gorgon", "Gorgon\Gorgon.vcproj", "{CB638ABC-F441-4AFC-8768-1A9A9031B408}"
EndProject
Global
	GlobalSection(SolutionConfigurationPlatforms) = preSolution
		Debug|Any CPU = Debug|Any CPU
		Debug|Mixed Platforms = Debug|Mixed Platforms
		Debug|Win32 = Debug|Win32
		MemLeak|Any CPU = MemLeak|Any CPU
		MemLeak|Mixed Platforms = MemLeak|Mixed Platforms
		MemLeak|Win32 = MemLeak|Win32
		Python|Any CPU = Python|Any CPU
		Python|Mixed Platforms = Python|Mixed Platforms
		Python|Win32 = Python|Win32
		Release|Any CPU = Release|Any CPU
		Release|Mixed Platforms = Release|Mixed Platforms
		Release|Win32 = Release|Win32
		SansMatlab|Any CPU = SansMatlab|Any CPU
		SansMatlab|Mixed Platforms = SansMatlab|Mixed Platforms
		SansMatlab|Win32 = SansMatlab|Win32
	EndGlobalSection
	GlobalSection(ProjectConfigurationPlatforms) = postSolution
		{817660CF-4E6C-48F6-BF18-FB75FC2B6B5E}.Debug|Any CPU.ActiveCfg = Debug|Win32
		{817660CF-4E6C-48F6-BF18-FB75FC2B6B5E}.Debug|Mixed Platforms.ActiveCfg = Debug|Win32
		{817660CF-4E6C-48F6-BF18-FB75FC2B6B5E}.Debug|Mixed Platforms.Build.0 = Debug|Win32
		{817660CF-4E6C-48F6-BF18-FB75FC2B6B5E}.Debug|Win32.ActiveCfg = Debug|Win32
		{817660CF-4E6C-48F6-BF18-FB75FC2B6B5E}.Debug|Win32.Build.0 = Debug|Win32
		{817660CF-4E6C-48F6-BF18-FB75FC2B6B5E}.MemLeak|Any CPU.ActiveCfg = MemLeak|Win32
		{817660CF-4E6C-48F6-BF18-FB75FC2B6B5E}.MemLeak|Mixed Platforms.ActiveCfg = MemLeak|Win32
		{817660CF-4E6C-48F6-BF18-FB75FC2B6B5E}.MemLeak|Mixed Platforms.Build.0 = MemLeak|Win32
		{817660CF-4E6C-48F6-BF18-FB75FC2B6B5E}.MemLeak|Win32.ActiveCfg = MemLeak|Win32
		{817660CF-4E6C-48F6-BF18-FB75FC2B6B5E}.MemLeak|Win32.Build.0 = MemLeak|Win32
		{817660CF-4E6C-48F6-BF18-FB75FC2B6B5E}.Python|Any CPU.ActiveCfg = Python|Win32
		{817660CF-4E6C-48F6-BF18-FB75FC2B6B5E}.Python|Mixed Platforms.ActiveCfg = Python|Win32
		{817660CF-4E6C-48F6-BF18-FB75FC2B6B5E}.Python|Mixed Platforms.Build.0 = Python|Win32
		{817660CF-4E6C-48F6-BF18-FB75FC2B6B5E}.Python|Win32.ActiveCfg = Python|Win32
		{817660CF-4E6C-48F6-BF18-FB75FC2B6B5E}.Python|Win32.Build.0 = Python|Win32
		{817660CF-4E6C-48F6-BF18-FB75FC2B6B5E}.Release|Any CPU.ActiveCfg = Release|Win32
		{817660CF-4E6C-48F6-BF18-FB75FC2B6B5E}.Release|Mixed Platforms.ActiveCfg = Release|Win32
		{817660CF-4E6C-48F6-BF18-FB75FC2B6B5E}.Release|Mixed Platforms.Build.0 = Release|Win32
		{817660CF-4E6C-48F6-BF18-FB75FC2B6B5E}.Release|Win32.ActiveCfg = Release|Win32
		{817660CF-4E6C-48F6-BF18-FB75FC2B6B5E}.Release|Win32.Build.0 = Release|Win32
		{817660CF-4E6C-48F6-BF18-FB75FC2B6B5E}.SansMatlab|Any CPU.ActiveCfg = SansMatlab|Win32
		{817660CF-4E6C-48F6-BF18-FB75FC2B6B5E}.SansMatlab|Mixed Platforms.ActiveCfg = SansMatlab|Win32
		{817660CF-4E6C-48F6-BF18-FB75FC2B6B5E}.SansMatlab|Mixed Platforms.Build.0 = SansMatlab|Win32
		{817660CF-4E6C-48F6-BF18-FB75FC2B6B5E}.SansMatlab|Win32.ActiveCfg = SansMatlab|Win32
		{817660CF-4E6C-48F6-BF18-FB75FC2B6B5E}.SansMatlab|Win32.Build.0 = SansMatlab|Win32
		{E98C9677-C8CA-4CC3-8AE7-A06140EA49BB}.Debug|Any CPU.ActiveCfg = Debug|Win32
		{E98C9677-C8CA-4CC3-8AE7-A06140EA49BB}.Debug|Mixed Platforms.ActiveCfg = Debug|Win32
		{E98C9677-C8CA-4CC3-8AE7-A06140EA49BB}.Debug|Mixed Platforms.Build.0 = Debug|Win32
		{E98C9677-C8CA-4CC3-8AE7-A06140EA49BB}.Debug|Win32.ActiveCfg = Debug|Win32
		{E98C9677-C8CA-4CC3-8AE7-A06140EA49BB}.Debug|Win32.Build.0 = Debug|Win32
		{E98C9677-C8CA-4CC3-8AE7-A06140EA49BB}.MemLeak|Any CPU.ActiveCfg = MemLeak|Win32
		{E98C9677-C8CA-4CC3-8AE7-A06140EA49BB}.MemLeak|Mixed Platforms.ActiveCfg = MemLeak|Win32
		{E98C9677-C8CA-4CC3-8AE7-A06140EA49BB}.MemLeak|Mixed Platforms.Build.0 = MemLeak|Win32
		{E98C9677-C8CA-4CC3-8AE7-A06140EA49BB}.MemLeak|Win32.ActiveCfg = MemLeak|Win32
		{E98C9677-C8CA-4CC3-8AE7-A06140EA49BB}.MemLeak|Win32.Build.0 = MemLeak|Win32
		{E98C9677-C8CA-4CC3-8AE7-A06140EA49BB}.Python|Any CPU.ActiveCfg = Python|Win32
		{E98C9677-C8CA-4CC3-8AE7-A06140EA49BB}.Python|Mixed Platforms.ActiveCfg = Python|Win32
		{E98C9677-C8CA-4CC3-8AE7-A06140EA49BB}.Python|Mixed Platforms.Build.0 = Python|Win32
		{E98C9677-C8CA-4CC3-8AE7-A06140EA49BB}.Python|Win32.ActiveCfg = Python|Win32
		{E98C9677-C8CA-4CC3-8AE7-A06140EA49BB}.Python|Win32.Build.0 = Python|Win32
		{E98C9677-C8CA-4CC3-8AE7-A06140EA49BB}.Release|Any CPU.ActiveCfg = Release|Win32
		{E98C9677-C8CA-4CC3-8AE7-A06140EA49BB}.Release|Mixed Platforms.ActiveCfg = Release|Win32
		{E98C9677-C8CA-4CC3-8AE7-A06140EA49BB}.Release|Mixed Platforms.Build.0 = Release|Win32
		{E98C9677-C8CA-4CC3-8AE7-A06140EA49BB}.Release|Win32.ActiveCfg = Release|Win32
		{E98C9677-C8CA-4CC3-8AE7-A06140EA49BB}.Release|Win32.Build.0 = Release|Win32
		{E98C9677-C8CA-4CC3-8AE7-A06140EA49BB}.SansMatlab|Any CPU.ActiveCfg = SansMatlab|Win32
		{E98C9677-C8CA-4CC3-8AE7-A06140EA49BB}.SansMatlab|Mixed Platforms.ActiveCfg = SansMatlab|Win32
		{E98C9677-C8CA-4CC3-8AE7-A06140EA49BB}.SansMatlab|Mixed Platforms.Build.0 = SansMatlab|Win32
		{E98C9677-C8CA-4CC3-8AE7-A06140EA49BB}.SansMatlab|Win32.ActiveCfg = SansMatlab|Win32
		{E98C9677-C8CA-4CC3-8AE7-A06140EA49BB}.SansMatlab|Win32.Build.0 = SansMatlab|Win32
		{E6AC7995-0C10-4D59-9F75-45E3795D51C9}.Debug|Any CPU.ActiveCfg = Debug|Any CPU
		{E6AC7995-0C10-4D59-9F75-45E3795D51C9}.Debug|Any CPU.Build.0 = Debug|Any CPU
		{E6AC7995-0C10-4D59-9F75-45E3795D51C9}.Debug|Mixed Platforms.ActiveCfg = Debug|Any CPU
		{E6AC7995-0C10-4D59-9F75-45E3795D51C9}.Debug|Mixed Platforms.Build.0 = Debug|Any CPU
		{E6AC7995-0C10-4D59-9F75-45E3795D51C9}.Debug|Win32.ActiveCfg = Debug|Any CPU
		{E6AC7995-0C10-4D59-9F75-45E3795D51C9}.Debug|Win32.Build.0 = Debug|Any CPU
		{E6AC7995-0C10-4D59-9F75-45E3795D51C9}.MemLeak|Any CPU.ActiveCfg = MemLeak|Any CPU
		{E6AC7995-0C10-4D59-9F75-45E3795D51C9}.MemLeak|Any CPU.Build.0 = MemLeak|Any CPU
		{E6AC7995-0C10-4D59-9F75-45E3795D51C9}.MemLeak|Mixed Platforms.ActiveCfg = MemLeak|Any CPU
		{E6AC7995-0C10-4D59-9F75-45E3795D51C9}.MemLeak|Mixed Platforms.Build.0 = MemLeak|Any CPU
		{E6AC7995-0C10-4D59-9F75-45E3795D51C9}.MemLeak|Win32.ActiveCfg = MemLeak|Any CPU
		{E6AC7995-0C10-4D59-9F75-45E3795D51C9}.Python|Any CPU.ActiveCfg = Python|Any CPU
		{E6AC7995-0C10-4D59-9F75-45E3795D51C9}.Python|Any CPU.Build.0 = Python|Any CPU
		{E6AC7995-0C10-4D59-9F75-45E3795D51C9}.Python|Mixed Platforms.ActiveCfg = Python|Any CPU
		{E6AC7995-0C10-4D59-9F75-45E3795D51C9}.Python|Mixed Platforms.Build.0 = Python|Any CPU
		{E6AC7995-0C10-4D59-9F75-45E3795D51C9}.Python|Win32.ActiveCfg = Python|Any CPU
		{E6AC7995-0C10-4D59-9F75-45E3795D51C9}.Release|Any CPU.ActiveCfg = Release|Any CPU
		{E6AC7995-0C10-4D59-9F75-45E3795D51C9}.Release|Any CPU.Build.0 = Release|Any CPU
		{E6AC7995-0C10-4D59-9F75-45E3795D51C9}.Release|Mixed Platforms.ActiveCfg = Release|Any CPU
		{E6AC7995-0C10-4D59-9F75-45E3795D51C9}.Release|Mixed Platforms.Build.0 = Release|Any CPU
		{E6AC7995-0C10-4D59-9F75-45E3795D51C9}.Release|Win32.ActiveCfg = Release|Any CPU
		{E6AC7995-0C10-4D59-9F75-45E3795D51C9}.Release|Win32.Build.0 = Release|Any CPU
		{E6AC7995-0C10-4D59-9F75-45E3795D51C9}.SansMatlab|Any CPU.ActiveCfg = SansMatlab|Any CPU
		{E6AC7995-0C10-4D59-9F75-45E3795D51C9}.SansMatlab|Any CPU.Build.0 = SansMatlab|Any CPU
		{E6AC7995-0C10-4D59-9F75-45E3795D51C9}.SansMatlab|Mixed Platforms.ActiveCfg = SansMatlab|Any CPU
		{E6AC7995-0C10-4D59-9F75-45E3795D51C9}.SansMatlab|Mixed Platforms.Build.0 = SansMatlab|Any CPU
		{E6AC7995-0C10-4D59-9F75-45E3795D51C9}.SansMatlab|Win32.ActiveCfg = SansMatlab|Any CPU
		{E3B1B536-8C7A-45E8-9BAA-5FE4F7B9FE13}.Debug|Any CPU.ActiveCfg = Debug|Win32
		{E3B1B536-8C7A-45E8-9BAA-5FE4F7B9FE13}.Debug|Mixed Platforms.ActiveCfg = Debug|Win32
		{E3B1B536-8C7A-45E8-9BAA-5FE4F7B9FE13}.Debug|Mixed Platforms.Build.0 = Debug|Win32
		{E3B1B536-8C7A-45E8-9BAA-5FE4F7B9FE13}.Debug|Win32.ActiveCfg = Debug|Win32
		{E3B1B536-8C7A-45E8-9BAA-5FE4F7B9FE13}.Debug|Win32.Build.0 = Debug|Win32
		{E3B1B536-8C7A-45E8-9BAA-5FE4F7B9FE13}.MemLeak|Any CPU.ActiveCfg = MemLeak|Win32
		{E3B1B536-8C7A-45E8-9BAA-5FE4F7B9FE13}.MemLeak|Mixed Platforms.ActiveCfg = MemLeak|Win32
		{E3B1B536-8C7A-45E8-9BAA-5FE4F7B9FE13}.MemLeak|Mixed Platforms.Build.0 = MemLeak|Win32
		{E3B1B536-8C7A-45E8-9BAA-5FE4F7B9FE13}.MemLeak|Win32.ActiveCfg = MemLeak|Win32
		{E3B1B536-8C7A-45E8-9BAA-5FE4F7B9FE13}.MemLeak|Win32.Build.0 = MemLeak|Win32
		{E3B1B536-8C7A-45E8-9BAA-5FE4F7B9FE13}.Python|Any CPU.ActiveCfg = Python|Win32
		{E3B1B536-8C7A-45E8-9BAA-5FE4F7B9FE13}.Python|Mixed Platforms.ActiveCfg = Python|Win32
		{E3B1B536-8C7A-45E8-9BAA-5FE4F7B9FE13}.Python|Mixed Platforms.Build.0 = Python|Win32
		{E3B1B536-8C7A-45E8-9BAA-5FE4F7B9FE13}.Python|Win32.ActiveCfg = Python|Win32
		{E3B1B536-8C7A-45E8-9BAA-5FE4F7B9FE13}.Python|Win32.Build.0 = Python|Win32
		{E3B1B536-8C7A-45E8-9BAA-5FE4F7B9FE13}.Release|Any CPU.ActiveCfg = Release|Win32
		{E3B1B536-8C7A-45E8-9BAA-5FE4F7B9FE13}.Release|Mixed Platforms.ActiveCfg = Release|Win32
		{E3B1B536-8C7A-45E8-9BAA-5FE4F7B9FE13}.Release|Mixed Platforms.Build.0 = Release|Win32
		{E3B1B536-8C7A-45E8-9BAA-5FE4F7B9FE13}.Release|Win32.ActiveCfg = Release|Win32
		{E3B1B536-8C7A-45E8-9BAA-5FE4F7B9FE13}.Release|Win32.Build.0 = Release|Win32
		{E3B1B536-8C7A-45E8-9BAA-5FE4F7B9FE13}.SansMatlab|Any CPU.ActiveCfg = SansMatlab|Win32
		{E3B1B536-8C7A-45E8-9BAA-5FE4F7B9FE13}.SansMatlab|Mixed Platforms.ActiveCfg = SansMatlab|Win32
		{E3B1B536-8C7A-45E8-9BAA-5FE4F7B9FE13}.SansMatlab|Mixed Platforms.Build.0 = SansMatlab|Win32
		{E3B1B536-8C7A-45E8-9BAA-5FE4F7B9FE13}.SansMatlab|Win32.ActiveCfg = SansMatlab|Win32
		{E3B1B536-8C7A-45E8-9BAA-5FE4F7B9FE13}.SansMatlab|Win32.Build.0 = SansMatlab|Win32
		{9868724F-D44A-4315-A809-C3F5ECA9110E}.Debug|Any CPU.ActiveCfg = Debug|Win32
		{9868724F-D44A-4315-A809-C3F5ECA9110E}.Debug|Mixed Platforms.ActiveCfg = Debug|Win32
		{9868724F-D44A-4315-A809-C3F5ECA9110E}.Debug|Mixed Platforms.Build.0 = Debug|Win32
		{9868724F-D44A-4315-A809-C3F5ECA9110E}.Debug|Win32.ActiveCfg = Debug|Win32
		{9868724F-D44A-4315-A809-C3F5ECA9110E}.Debug|Win32.Build.0 = Debug|Win32
		{9868724F-D44A-4315-A809-C3F5ECA9110E}.MemLeak|Any CPU.ActiveCfg = Release|Win32
		{9868724F-D44A-4315-A809-C3F5ECA9110E}.MemLeak|Mixed Platforms.ActiveCfg = Release|Win32
		{9868724F-D44A-4315-A809-C3F5ECA9110E}.MemLeak|Mixed Platforms.Build.0 = Release|Win32
		{9868724F-D44A-4315-A809-C3F5ECA9110E}.MemLeak|Win32.ActiveCfg = Release|Win32
		{9868724F-D44A-4315-A809-C3F5ECA9110E}.MemLeak|Win32.Build.0 = Release|Win32
		{9868724F-D44A-4315-A809-C3F5ECA9110E}.Python|Any CPU.ActiveCfg = Python|Win32
		{9868724F-D44A-4315-A809-C3F5ECA9110E}.Python|Mixed Platforms.ActiveCfg = Python|Win32
		{9868724F-D44A-4315-A809-C3F5ECA9110E}.Python|Mixed Platforms.Build.0 = Python|Win32
		{9868724F-D44A-4315-A809-C3F5ECA9110E}.Python|Win32.ActiveCfg = Python|Win32
		{9868724F-D44A-4315-A809-C3F5ECA9110E}.Python|Win32.Build.0 = Python|Win32
		{9868724F-D44A-4315-A809-C3F5ECA9110E}.Release|Any CPU.ActiveCfg = Release|Win32
		{9868724F-D44A-4315-A809-C3F5ECA9110E}.Release|Mixed Platforms.ActiveCfg = Release|Win32
		{9868724F-D44A-4315-A809-C3F5ECA9110E}.Release|Mixed Platforms.Build.0 = Release|Win32
		{9868724F-D44A-4315-A809-C3F5ECA9110E}.Release|Win32.ActiveCfg = Release|Win32
		{9868724F-D44A-4315-A809-C3F5ECA9110E}.Release|Win32.Build.0 = Release|Win32
		{9868724F-D44A-4315-A809-C3F5ECA9110E}.SansMatlab|Any CPU.ActiveCfg = Release|Win32
		{9868724F-D44A-4315-A809-C3F5ECA9110E}.SansMatlab|Mixed Platforms.ActiveCfg = Release|Win32
		{9868724F-D44A-4315-A809-C3F5ECA9110E}.SansMatlab|Mixed Platforms.Build.0 = Release|Win32
		{9868724F-D44A-4315-A809-C3F5ECA9110E}.SansMatlab|Win32.ActiveCfg = Release|Win32
		{9868724F-D44A-4315-A809-C3F5ECA9110E}.SansMatlab|Win32.Build.0 = Release|Win32
		{5B1E0736-9D9C-43BF-A60D-210292DCB7FC}.Debug|Any CPU.ActiveCfg = Debug|Win32
		{5B1E0736-9D9C-43BF-A60D-210292DCB7FC}.Debug|Mixed Platforms.ActiveCfg = Debug|Win32
		{5B1E0736-9D9C-43BF-A60D-210292DCB7FC}.Debug|Mixed Platforms.Build.0 = Debug|Win32
		{5B1E0736-9D9C-43BF-A60D-210292DCB7FC}.Debug|Win32.ActiveCfg = Debug|Win32
		{5B1E0736-9D9C-43BF-A60D-210292DCB7FC}.Debug|Win32.Build.0 = Debug|Win32
		{5B1E0736-9D9C-43BF-A60D-210292DCB7FC}.MemLeak|Any CPU.ActiveCfg = Release|Win32
		{5B1E0736-9D9C-43BF-A60D-210292DCB7FC}.MemLeak|Mixed Platforms.ActiveCfg = Release|Win32
		{5B1E0736-9D9C-43BF-A60D-210292DCB7FC}.MemLeak|Mixed Platforms.Build.0 = Release|Win32
		{5B1E0736-9D9C-43BF-A60D-210292DCB7FC}.MemLeak|Win32.ActiveCfg = Release|Win32
		{5B1E0736-9D9C-43BF-A60D-210292DCB7FC}.MemLeak|Win32.Build.0 = Release|Win32
		{5B1E0736-9D9C-43BF-A60D-210292DCB7FC}.Python|Any CPU.ActiveCfg = Python|Win32
		{5B1E0736-9D9C-43BF-A60D-210292DCB7FC}.Python|Mixed Platforms.ActiveCfg = Python|Win32
		{5B1E0736-9D9C-43BF-A60D-210292DCB7FC}.Python|Mixed Platforms.Build.0 = Python|Win32
		{5B1E0736-9D9C-43BF-A60D-210292DCB7FC}.Python|Win32.ActiveCfg = Python|Win32
		{5B1E0736-9D9C-43BF-A60D-210292DCB7FC}.Python|Win32.Build.0 = Python|Win32
		{5B1E0736-9D9C-43BF-A60D-210292DCB7FC}.Release|Any CPU.ActiveCfg = Release|Win32
		{5B1E0736-9D9C-43BF-A60D-210292DCB7FC}.Release|Mixed Platforms.ActiveCfg = Release|Win32
		{5B1E0736-9D9C-43BF-A60D-210292DCB7FC}.Release|Mixed Platforms.Build.0 = Release|Win32
		{5B1E0736-9D9C-43BF-A60D-210292DCB7FC}.Release|Win32.ActiveCfg = Release|Win32
		{5B1E0736-9D9C-43BF-A60D-210292DCB7FC}.Release|Win32.Build.0 = Release|Win32
		{5B1E0736-9D9C-43BF-A60D-210292DCB7FC}.SansMatlab|Any CPU.ActiveCfg = Release|Win32
		{5B1E0736-9D9C-43BF-A60D-210292DCB7FC}.SansMatlab|Mixed Platforms.ActiveCfg = Release|Win32
		{5B1E0736-9D9C-43BF-A60D-210292DCB7FC}.SansMatlab|Mixed Platforms.Build.0 = Release|Win32
		{5B1E0736-9D9C-43BF-A60D-210292DCB7FC}.SansMatlab|Win32.ActiveCfg = Release|Win32
		{5B1E0736-9D9C-43BF-A60D-210292DCB7FC}.SansMatlab|Win32.Build.0 = Release|Win32
		{EC8F7758-80CF-436B-978B-717297945FAB}.Debug|Any CPU.ActiveCfg = Debug|Win32
		{EC8F7758-80CF-436B-978B-717297945FAB}.Debug|Mixed Platforms.ActiveCfg = Debug|Win32
		{EC8F7758-80CF-436B-978B-717297945FAB}.Debug|Mixed Platforms.Build.0 = Debug|Win32
		{EC8F7758-80CF-436B-978B-717297945FAB}.Debug|Win32.ActiveCfg = Debug|Win32
		{EC8F7758-80CF-436B-978B-717297945FAB}.Debug|Win32.Build.0 = Debug|Win32
		{EC8F7758-80CF-436B-978B-717297945FAB}.MemLeak|Any CPU.ActiveCfg = MemLeak|Win32
		{EC8F7758-80CF-436B-978B-717297945FAB}.MemLeak|Mixed Platforms.ActiveCfg = MemLeak|Win32
		{EC8F7758-80CF-436B-978B-717297945FAB}.MemLeak|Mixed Platforms.Build.0 = MemLeak|Win32
		{EC8F7758-80CF-436B-978B-717297945FAB}.MemLeak|Win32.ActiveCfg = MemLeak|Win32
		{EC8F7758-80CF-436B-978B-717297945FAB}.MemLeak|Win32.Build.0 = MemLeak|Win32
		{EC8F7758-80CF-436B-978B-717297945FAB}.Python|Any CPU.ActiveCfg = Python|Win32
		{EC8F7758-80CF-436B-978B-717297945FAB}.Python|Mixed Platforms.ActiveCfg = Python|Win32
		{EC8F7758-80CF-436B-978B-717297945FAB}.Python|Mixed Platforms.Build.0 = Python|Win32
		{EC8F7758-80CF-436B-978B-717297945FAB}.Python|Win32.ActiveCfg = Python|Win32
		{EC8F7758-80CF-436B-978B-717297945FAB}.Python|Win32.Build.0 = Python|Win32
		{EC8F7758-80CF-436B-978B-717297945FAB}.Release|Any CPU.ActiveCfg = Release|Win32
		{EC8F7758-80CF-436B-978B-717297945FAB}.Release|Mixed Platforms.ActiveCfg = Release|Win32
		{EC8F7758-80CF-436B-978B-717297945FAB}.Release|Mixed Platforms.Build.0 = Release|Win32
		{EC8F7758-80CF-436B-978B-717297945FAB}.Release|Win32.ActiveCfg = Release|Win32
		{EC8F7758-80CF-436B-978B-717297945FAB}.Release|Win32.Build.0 = Release|Win32
		{EC8F7758-80CF-436B-978B-717297945FAB}.SansMatlab|Any CPU.ActiveCfg = SansMatlab|Win32
		{EC8F7758-80CF-436B-978B-717297945FAB}.SansMatlab|Mixed Platforms.ActiveCfg = SansMatlab|Win32
		{EC8F7758-80CF-436B-978B-717297945FAB}.SansMatlab|Mixed Platforms.Build.0 = SansMatlab|Win32
		{EC8F7758-80CF-436B-978B-717297945FAB}.SansMatlab|Win32.ActiveCfg = SansMatlab|Win32
		{EC8F7758-80CF-436B-978B-717297945FAB}.SansMatlab|Win32.Build.0 = SansMatlab|Win32
		{CB638ABC-F441-4AFC-8768-1A9A9031B408}.Debug|Any CPU.ActiveCfg = Debug|Win32
		{CB638ABC-F441-4AFC-8768-1A9A9031B408}.Debug|Mixed Platforms.ActiveCfg = Debug|Win32
		{CB638ABC-F441-4AFC-8768-1A9A9031B408}.Debug|Mixed Platforms.Build.0 = Debug|Win32
		{CB638ABC-F441-4AFC-8768-1A9A9031B408}.Debug|Win32.ActiveCfg = Debug|Win32
		{CB638ABC-F441-4AFC-8768-1A9A9031B408}.Debug|Win32.Build.0 = Debug|Win32
		{CB638ABC-F441-4AFC-8768-1A9A9031B408}.MemLeak|Any CPU.ActiveCfg = Release|Win32
		{CB638ABC-F441-4AFC-8768-1A9A9031B408}.MemLeak|Mixed Platforms.ActiveCfg = Release|Win32
		{CB638ABC-F441-4AFC-8768-1A9A9031B408}.MemLeak|Mixed Platforms.Build.0 = Release|Win32
		{CB638ABC-F441-4AFC-8768-1A9A9031B408}.MemLeak|Win32.ActiveCfg = Release|Win32
		{CB638ABC-F441-4AFC-8768-1A9A9031B408}.MemLeak|Win32.Build.0 = Release|Win32
		{CB638ABC-F441-4AFC-8768-1A9A9031B408}.Python|Any CPU.ActiveCfg = Release|Win32
		{CB638ABC-F441-4AFC-8768-1A9A9031B408}.Python|Mixed Platforms.ActiveCfg = Release|Win32
		{CB638ABC-F441-4AFC-8768-1A9A9031B408}.Python|Mixed Platforms.Build.0 = Release|Win32
		{CB638ABC-F441-4AFC-8768-1A9A9031B408}.Python|Win32.ActiveCfg = Release|Win32
		{CB638ABC-F441-4AFC-8768-1A9A9031B408}.Python|Win32.Build.0 = Release|Win32
		{CB638ABC-F441-4AFC-8768-1A9A9031B408}.Release|Any CPU.ActiveCfg = Release|Win32
		{CB638ABC-F441-4AFC-8768-1A9A9031B408}.Release|Mixed Platforms.ActiveCfg = Release|Win32
		{CB638ABC-F441-4AFC-8768-1A9A9031B408}.Release|Mixed Platforms.Build.0 = Release|Win32
		{CB638ABC-F441-4AFC-8768-1A9A9031B408}.Release|Win32.ActiveCfg = Release|Win32
		{CB638ABC-F441-4AFC-8768-1A9A9031B408}.Release|Win32.Build.0 = Release|Win32
		{CB638ABC-F441-4AFC-8768-1A9A9031B408}.SansMatlab|Any CPU.ActiveCfg = Release|Win32
		{CB638ABC-F441-4AFC-8768-1A9A9031B408}.SansMatlab|Mixed Platforms.ActiveCfg = Release|Win32
		{CB638ABC-F441-4AFC-8768-1A9A9031B408}.SansMatlab|Mixed Platforms.Build.0 = Release|Win32
		{CB638ABC-F441-4AFC-8768-1A9A9031B408}.SansMatlab|Win32.ActiveCfg = Release|Win32
		{CB638ABC-F441-4AFC-8768-1A9A9031B408}.SansMatlab|Win32.Build.0 = Release|Win32
	EndGlobalSection
	GlobalSection(SolutionProperties) = preSolution
		HideSolutionNode = FALSE
	EndGlobalSection
EndGlobal
